{
  "version": 4,
  "terraform_version": "1.2.6",
  "serial": 3,
  "lineage": "5c80bf10-2a36-d912-e87d-93d328a30f89",
  "outputs": {},
  "resources": [
    {
      "mode": "managed",
      "type": "azurerm_resource_group",
      "name": "testheipaadeg",
      "provider": "provider[\"registry.terraform.io/hashicorp/azurerm\"]",
      "instances": [
        {
          "schema_version": 0,
          "attributes": {
            "id": "/subscriptions/9082f76b-f11d-4c48-9d7c-f79dc8dadec2/resourceGroups/myTFResourceGroup",
            "location": "westeurope",
            "name": "myTFResourceGroup",
            "tags": {
              "name": "jmkiodfsamkldsa"
            },
            "timeouts": null
          },
          "sensitive_attributes": [],
          "private": "eyJlMmJmYjczMC1lY2FhLTExZTYtOGY4OC0zNDM2M2JjN2M0YzAiOnsiY3JlYXRlIjo1NDAwMDAwMDAwMDAwLCJkZWxldGUiOjU0MDAwMDAwMDAwMDAsInJlYWQiOjMwMDAwMDAwMDAwMCwidXBkYXRlIjo1NDAwMDAwMDAwMDAwfX0="
        }
      ]
    }
  ]
}
